{
  "version": 4,
  "terraform_version": "1.1.3",
  "serial": 6,
  "lineage": "32fa7b4a-2981-702c-af26-4072716e5c23",
  "outputs": {
    "cp_ext_ip": {
      "value": "51.250.3.247",
      "type": "string"
    },
    "node_ext_ip": {
      "value": [
        [
          "51.250.5.105",
          "51.250.15.246"
        ]
      ],
      "type": [
        "tuple",
        [
          [
            "tuple",
            [
              "string",
              "string"
            ]
          ]
        ]
      ]
    }
  },
  "resources": [
    {
      "mode": "managed",
      "type": "yandex_compute_instance",
      "name": "cp",
      "provider": "provider[\"registry.terraform.io/yandex-cloud/yandex\"]",
      "instances": [
        {
          "schema_version": 1,
          "attributes": {
            "allow_stopping_for_update": null,
            "boot_disk": [
              {
                "auto_delete": true,
                "device_name": "fhmkg8hv03gkcd50eahh",
                "disk_id": "fhmkg8hv03gkcd50eahh",
                "initialize_params": [
                  {
                    "block_size": 4096,
                    "description": "",
                    "image_id": "fd8qqvji2rs2lehr7d1l",
                    "name": "",
                    "size": 15,
                    "snapshot_id": "",
                    "type": "network-hdd"
                  }
                ],
                "mode": "READ_WRITE"
              }
            ],
            "created_at": "2022-01-18T03:15:54Z",
            "description": "",
            "folder_id": "b1g9jla7j5d8dppdh3d1",
            "fqdn": "cp.ru-central1.internal",
            "hostname": "cp",
            "id": "fhmt384a3d1pv3tegm3v",
            "labels": null,
            "metadata": {
              "ssh-keys": "ubuntu:ssh-rsa AAAAB3NzaC1yc2EAAAADAQABAAABgQDA3L7GYZCLiaIqTxTurWayScpU8eXS/PAeKhhy19d9RLYGm72RmP/bkppZyvGf0X1TgNn62QgTsZTrT+R7DJTLThkbu3jOfG7YXmFMHly8leJ/a3cLKODT8ouw0RGnFU+bdXLbJDTNzVzIecRV7YlcXqOcJyspLkErTmN0aQr9b7Ll/FmbnYhoNXNhRyioucwQGUjCZstXjCaTGNPWbUvHrB/62GtGKwmeLER1UlFWQs1qc+TP2oO12DErs0YnF1/FvdCLjgdS14gOC6AFiaFYbgUepfuNVBPMQBiY25yszgNQ7ER+2nfs88sMuOq7sITnVLIeNVMYtydWZ2hpEFbQ7rDLAxFAOZNE2vj8MoXW5xo/GkAivu2U+mGHwx2WmytoEwrxT2dLLKzydRqL6xJ+f369FHLqSysQzBmK9q0t80TlogZXwfyQjQFHDvqWRHklI7D+SyR9tP0qBK3ewQovai+dYE4YSASnaJXIPtHf+vdxSuPzItJF6jxrpPPYk4s= chebyrekk@mail.ru\n"
            },
            "name": "cp",
            "network_acceleration_type": "standard",
            "network_interface": [
              {
                "dns_record": [],
                "index": 0,
                "ip_address": "10.2.35.4",
                "ipv4": true,
                "ipv6": false,
                "ipv6_address": "",
                "ipv6_dns_record": [],
                "mac_address": "d0:0d:1d:1a:08:a1",
                "nat": true,
                "nat_dns_record": [],
                "nat_ip_address": "51.250.3.247",
                "nat_ip_version": "IPV4",
                "security_group_ids": [],
                "subnet_id": "e9b10je0fce5n46grsr5"
              }
            ],
            "placement_policy": [
              {
                "placement_group_id": ""
              }
            ],
            "platform_id": "standard-v1",
            "resources": [
              {
                "core_fraction": 20,
                "cores": 2,
                "gpus": 0,
                "memory": 4
              }
            ],
            "scheduling_policy": [
              {
                "preemptible": true
              }
            ],
            "secondary_disk": [],
            "service_account_id": "",
            "status": "running",
            "timeouts": null,
            "zone": "ru-central1-a"
          },
          "sensitive_attributes": [],
          "private": "eyJlMmJmYjczMC1lY2FhLTExZTYtOGY4OC0zNDM2M2JjN2M0YzAiOnsiY3JlYXRlIjozMDAwMDAwMDAwMDAsImRlbGV0ZSI6MzAwMDAwMDAwMDAwLCJ1cGRhdGUiOjMwMDAwMDAwMDAwMH0sInNjaGVtYV92ZXJzaW9uIjoiMSJ9",
          "dependencies": [
            "yandex_vpc_network.netology",
            "yandex_vpc_subnet.netology"
          ]
        }
      ]
    },
    {
      "mode": "managed",
      "type": "yandex_compute_instance",
      "name": "node",
      "provider": "provider[\"registry.terraform.io/yandex-cloud/yandex\"]",
      "instances": [
        {
          "index_key": 0,
          "schema_version": 1,
          "attributes": {
            "allow_stopping_for_update": null,
            "boot_disk": [
              {
                "auto_delete": true,
                "device_name": "fhmmpbni5mt2a926fnt7",
                "disk_id": "fhmmpbni5mt2a926fnt7",
                "initialize_params": [
                  {
                    "block_size": 4096,
                    "description": "",
                    "image_id": "fd8qqvji2rs2lehr7d1l",
                    "name": "",
                    "size": 15,
                    "snapshot_id": "",
                    "type": "network-hdd"
                  }
                ],
                "mode": "READ_WRITE"
              }
            ],
            "created_at": "2022-01-18T03:15:54Z",
            "description": "",
            "folder_id": "b1g9jla7j5d8dppdh3d1",
            "fqdn": "node0.ru-central1.internal",
            "hostname": "node0",
            "id": "fhm1dgbqagkfce0q53d4",
            "labels": null,
            "metadata": {
              "ssh-keys": "ubuntu:ssh-rsa AAAAB3NzaC1yc2EAAAADAQABAAABgQDA3L7GYZCLiaIqTxTurWayScpU8eXS/PAeKhhy19d9RLYGm72RmP/bkppZyvGf0X1TgNn62QgTsZTrT+R7DJTLThkbu3jOfG7YXmFMHly8leJ/a3cLKODT8ouw0RGnFU+bdXLbJDTNzVzIecRV7YlcXqOcJyspLkErTmN0aQr9b7Ll/FmbnYhoNXNhRyioucwQGUjCZstXjCaTGNPWbUvHrB/62GtGKwmeLER1UlFWQs1qc+TP2oO12DErs0YnF1/FvdCLjgdS14gOC6AFiaFYbgUepfuNVBPMQBiY25yszgNQ7ER+2nfs88sMuOq7sITnVLIeNVMYtydWZ2hpEFbQ7rDLAxFAOZNE2vj8MoXW5xo/GkAivu2U+mGHwx2WmytoEwrxT2dLLKzydRqL6xJ+f369FHLqSysQzBmK9q0t80TlogZXwfyQjQFHDvqWRHklI7D+SyR9tP0qBK3ewQovai+dYE4YSASnaJXIPtHf+vdxSuPzItJF6jxrpPPYk4s= chebyrekk@mail.ru\n"
            },
            "name": "node0",
            "network_acceleration_type": "standard",
            "network_interface": [
              {
                "dns_record": [],
                "index": 0,
                "ip_address": "10.2.35.33",
                "ipv4": true,
                "ipv6": false,
                "ipv6_address": "",
                "ipv6_dns_record": [],
                "mac_address": "d0:0d:16:c1:7a:54",
                "nat": true,
                "nat_dns_record": [],
                "nat_ip_address": "51.250.5.105",
                "nat_ip_version": "IPV4",
                "security_group_ids": [],
                "subnet_id": "e9b10je0fce5n46grsr5"
              }
            ],
            "placement_policy": [
              {
                "placement_group_id": ""
              }
            ],
            "platform_id": "standard-v1",
            "resources": [
              {
                "core_fraction": 20,
                "cores": 2,
                "gpus": 0,
                "memory": 2
              }
            ],
            "scheduling_policy": [
              {
                "preemptible": true
              }
            ],
            "secondary_disk": [],
            "service_account_id": "",
            "status": "running",
            "timeouts": null,
            "zone": "ru-central1-a"
          },
          "sensitive_attributes": [],
          "private": "eyJlMmJmYjczMC1lY2FhLTExZTYtOGY4OC0zNDM2M2JjN2M0YzAiOnsiY3JlYXRlIjozMDAwMDAwMDAwMDAsImRlbGV0ZSI6MzAwMDAwMDAwMDAwLCJ1cGRhdGUiOjMwMDAwMDAwMDAwMH0sInNjaGVtYV92ZXJzaW9uIjoiMSJ9",
          "dependencies": [
            "yandex_vpc_network.netology",
            "yandex_vpc_subnet.netology"
          ]
        },
        {
          "index_key": 1,
          "schema_version": 1,
          "attributes": {
            "allow_stopping_for_update": null,
            "boot_disk": [
              {
                "auto_delete": true,
                "device_name": "fhmndr08q74l6m59nfl3",
                "disk_id": "fhmndr08q74l6m59nfl3",
                "initialize_params": [
                  {
                    "block_size": 4096,
                    "description": "",
                    "image_id": "fd8qqvji2rs2lehr7d1l",
                    "name": "",
                    "size": 15,
                    "snapshot_id": "",
                    "type": "network-hdd"
                  }
                ],
                "mode": "READ_WRITE"
              }
            ],
            "created_at": "2022-01-18T03:15:54Z",
            "description": "",
            "folder_id": "b1g9jla7j5d8dppdh3d1",
            "fqdn": "node1.ru-central1.internal",
            "hostname": "node1",
            "id": "fhmn5au92pcmo0obgc96",
            "labels": null,
            "metadata": {
              "ssh-keys": "ubuntu:ssh-rsa AAAAB3NzaC1yc2EAAAADAQABAAABgQDA3L7GYZCLiaIqTxTurWayScpU8eXS/PAeKhhy19d9RLYGm72RmP/bkppZyvGf0X1TgNn62QgTsZTrT+R7DJTLThkbu3jOfG7YXmFMHly8leJ/a3cLKODT8ouw0RGnFU+bdXLbJDTNzVzIecRV7YlcXqOcJyspLkErTmN0aQr9b7Ll/FmbnYhoNXNhRyioucwQGUjCZstXjCaTGNPWbUvHrB/62GtGKwmeLER1UlFWQs1qc+TP2oO12DErs0YnF1/FvdCLjgdS14gOC6AFiaFYbgUepfuNVBPMQBiY25yszgNQ7ER+2nfs88sMuOq7sITnVLIeNVMYtydWZ2hpEFbQ7rDLAxFAOZNE2vj8MoXW5xo/GkAivu2U+mGHwx2WmytoEwrxT2dLLKzydRqL6xJ+f369FHLqSysQzBmK9q0t80TlogZXwfyQjQFHDvqWRHklI7D+SyR9tP0qBK3ewQovai+dYE4YSASnaJXIPtHf+vdxSuPzItJF6jxrpPPYk4s= chebyrekk@mail.ru\n"
            },
            "name": "node1",
            "network_acceleration_type": "standard",
            "network_interface": [
              {
                "dns_record": [],
                "index": 0,
                "ip_address": "10.2.35.31",
                "ipv4": true,
                "ipv6": false,
                "ipv6_address": "",
                "ipv6_dns_record": [],
                "mac_address": "d0:0d:17:2a:bc:91",
                "nat": true,
                "nat_dns_record": [],
                "nat_ip_address": "51.250.15.246",
                "nat_ip_version": "IPV4",
                "security_group_ids": [],
                "subnet_id": "e9b10je0fce5n46grsr5"
              }
            ],
            "placement_policy": [
              {
                "placement_group_id": ""
              }
            ],
            "platform_id": "standard-v1",
            "resources": [
              {
                "core_fraction": 20,
                "cores": 2,
                "gpus": 0,
                "memory": 2
              }
            ],
            "scheduling_policy": [
              {
                "preemptible": true
              }
            ],
            "secondary_disk": [],
            "service_account_id": "",
            "status": "running",
            "timeouts": null,
            "zone": "ru-central1-a"
          },
          "sensitive_attributes": [],
          "private": "eyJlMmJmYjczMC1lY2FhLTExZTYtOGY4OC0zNDM2M2JjN2M0YzAiOnsiY3JlYXRlIjozMDAwMDAwMDAwMDAsImRlbGV0ZSI6MzAwMDAwMDAwMDAwLCJ1cGRhdGUiOjMwMDAwMDAwMDAwMH0sInNjaGVtYV92ZXJzaW9uIjoiMSJ9",
          "dependencies": [
            "yandex_vpc_network.netology",
            "yandex_vpc_subnet.netology"
          ]
        }
      ]
    },
    {
      "mode": "managed",
      "type": "yandex_vpc_network",
      "name": "netology",
      "provider": "provider[\"registry.terraform.io/yandex-cloud/yandex\"]",
      "instances": [
        {
          "schema_version": 0,
          "attributes": {
            "created_at": "2022-01-18T03:15:52Z",
            "default_security_group_id": "",
            "description": "",
            "folder_id": "b1g9jla7j5d8dppdh3d1",
            "id": "enpie6kkjhcseeen6it6",
            "labels": {},
            "name": "",
            "subnet_ids": [],
            "timeouts": null
          },
          "sensitive_attributes": [],
          "private": "eyJlMmJmYjczMC1lY2FhLTExZTYtOGY4OC0zNDM2M2JjN2M0YzAiOnsiY3JlYXRlIjo2MDAwMDAwMDAwMCwiZGVsZXRlIjo2MDAwMDAwMDAwMCwidXBkYXRlIjo2MDAwMDAwMDAwMH19"
        }
      ]
    },
    {
      "mode": "managed",
      "type": "yandex_vpc_subnet",
      "name": "netology",
      "provider": "provider[\"registry.terraform.io/yandex-cloud/yandex\"]",
      "instances": [
        {
          "schema_version": 0,
          "attributes": {
            "created_at": "2022-01-18T03:15:53Z",
            "description": "",
            "dhcp_options": [],
            "folder_id": "b1g9jla7j5d8dppdh3d1",
            "id": "e9b10je0fce5n46grsr5",
            "labels": {},
            "name": "",
            "network_id": "enpie6kkjhcseeen6it6",
            "route_table_id": "",
            "timeouts": null,
            "v4_cidr_blocks": [
              "10.2.35.0/24"
            ],
            "v6_cidr_blocks": [],
            "zone": "ru-central1-a"
          },
          "sensitive_attributes": [],
          "private": "eyJlMmJmYjczMC1lY2FhLTExZTYtOGY4OC0zNDM2M2JjN2M0YzAiOnsiY3JlYXRlIjoxODAwMDAwMDAwMDAsImRlbGV0ZSI6MTgwMDAwMDAwMDAwLCJ1cGRhdGUiOjE4MDAwMDAwMDAwMH19",
          "dependencies": [
            "yandex_vpc_network.netology"
          ]
        }
      ]
    }
  ]
}
